{
  "lockfileVersion": 1,
  "configVersion": 1,
  "workspaces": {
    "": {
      "name": "root",
      "devDependencies": {
        "@biomejs/biome": "^2.3.15",
      },
    },
    "packages/beautiful-qrcode": {
      "name": "beautiful-qrcode",
      "version": "0.0.0",
      "dependencies": {
        "@penpot/plugin-styles": "catalog:",
        "alpinejs": "catalog:",
        "qr-code-styling": "catalog:",
      },
      "devDependencies": {
        "@penpot/plugin-types": "catalog:",
        "@types/alpinejs": "catalog:",
        "typescript": "catalog:",
        "vite": "catalog:",
        "vite-live-preview": "catalog:",
        "vite-plugin-handlebars": "catalog:",
      },
    },
    "packages/pattern-hero": {
      "name": "pattern-hero",
      "version": "0.0.0",
      "dependencies": {
        "@penpot/plugin-styles": "catalog:",
        "alpinejs": "catalog:",
      },
      "devDependencies": {
        "@penpot/plugin-types": "catalog:",
        "@types/alpinejs": "catalog:",
        "typescript": "catalog:",
        "vite": "catalog:",
        "vite-live-preview": "catalog:",
        "vite-plugin-handlebars": "catalog:",
      },
    },
    "packages/waves-generator": {
      "name": "waves-generator",
      "version": "0.0.0",
      "dependencies": {
        "@penpot/plugin-styles": "catalog:",
        "alpinejs": "catalog:",
        "d3-scale": "catalog:",
        "d3-shape": "catalog:",
      },
      "devDependencies": {
        "@penpot/plugin-types": "catalog:",
        "@types/alpinejs": "catalog:",
        "@types/d3-scale": "catalog:",
        "@types/d3-shape": "catalog:",
        "typescript": "catalog:",
        "vite": "catalog:",
        "vite-live-preview": "catalog:",
        "vite-plugin-handlebars": "catalog:",
      },
    },
  },
  "catalog": {
    "@penpot/plugin-styles": "1.4.2",
    "@penpot/plugin-types": "1.4.2",
    "@types/alpinejs": "^3.13.11",
    "@types/d3-scale": "^4.0.9",
    "@types/d3-shape": "^3.1.7",
    "alpinejs": "^3.14.9",
    "d3-scale": "^4.0.2",
    "d3-shape": "^3.2.0",
    "qr-code-styling": "^1.9.2",
    "solid-js": "^1.9.11",
    "typescript": "^5.8.3",
    "vite": "^7.0.4",
    "vite-live-preview": "^0.4.0",
    "vite-plugin-handlebars": "^2.0.0",
  },
  "packages": {
    "@biomejs/biome": ["@biomejs/biome@2.3.15", "", { "optionalDependencies": { "@biomejs/cli-darwin-arm64": "2.3.15", "@biomejs/cli-darwin-x64": "2.3.15", "@biomejs/cli-linux-arm64": "2.3.15", "@biomejs/cli-linux-arm64-musl": "2.3.15", "@biomejs/cli-linux-x64": "2.3.15", "@biomejs/cli-linux-x64-musl": "2.3.15", "@biomejs/cli-win32-arm64": "2.3.15", "@biomejs/cli-win32-x64": "2.3.15" }, "bin": { "biome": "bin/biome" } }, "sha512-u+jlPBAU2B45LDkjjNNYpc1PvqrM/co4loNommS9/sl9oSxsAQKsNZejYuUztvToB5oXi1tN/e62iNd6ESiY3g=="],

    "@biomejs/cli-darwin-arm64": ["@biomejs/cli-darwin-arm64@2.3.15", "", { "os": "darwin", "cpu": "arm64" }, "sha512-SDCdrJ4COim1r8SNHg19oqT50JfkI/xGZHSyC6mGzMfKrpNe/217Eq6y98XhNTc0vGWDjznSDNXdUc6Kg24jbw=="],

    "@biomejs/cli-darwin-x64": ["@biomejs/cli-darwin-x64@2.3.15", "", { "os": "darwin", "cpu": "x64" }, "sha512-RkyeSosBtn3C3Un8zQnl9upX0Qbq4E3QmBa0qjpOh1MebRbHhNlRC16jk8HdTe/9ym5zlfnpbb8cKXzW+vlTxw=="],

    "@biomejs/cli-linux-arm64": ["@biomejs/cli-linux-arm64@2.3.15", "", { "os": "linux", "cpu": "arm64" }, "sha512-FN83KxrdVWANOn5tDmW6UBC0grojchbGmcEz6JkRs2YY6DY63sTZhwkQ56x6YtKhDVV1Unz7FJexy8o7KwuIhg=="],

    "@biomejs/cli-linux-arm64-musl": ["@biomejs/cli-linux-arm64-musl@2.3.15", "", { "os": "linux", "cpu": "arm64" }, "sha512-SSSIj2yMkFdSkXqASzIBdjySBXOe65RJlhKEDlri7MN19RC4cpez+C0kEwPrhXOTgJbwQR9QH1F4+VnHkC35pg=="],

    "@biomejs/cli-linux-x64": ["@biomejs/cli-linux-x64@2.3.15", "", { "os": "linux", "cpu": "x64" }, "sha512-T8n9p8aiIKOrAD7SwC7opiBM1LYGrE5G3OQRXWgbeo/merBk8m+uxJ1nOXMPzfYyFLfPlKF92QS06KN1UW+Zbg=="],

    "@biomejs/cli-linux-x64-musl": ["@biomejs/cli-linux-x64-musl@2.3.15", "", { "os": "linux", "cpu": "x64" }, "sha512-dbjPzTh+ijmmNwojFYbQNMFp332019ZDioBYAMMJj5Ux9d8MkM+u+J68SBJGVwVeSHMYj+T9504CoxEzQxrdNw=="],

    "@biomejs/cli-win32-arm64": ["@biomejs/cli-win32-arm64@2.3.15", "", { "os": "win32", "cpu": "arm64" }, "sha512-puMuenu/2brQdgqtQ7geNwQlNVxiABKEZJhMRX6AGWcmrMO8EObMXniFQywy2b81qmC+q+SDvlOpspNwz0WiOA=="],

    "@biomejs/cli-win32-x64": ["@biomejs/cli-win32-x64@2.3.15", "", { "os": "win32", "cpu": "x64" }, "sha512-kDZr/hgg+igo5Emi0LcjlgfkoGZtgIpJKhnvKTRmMBv6FF/3SDyEV4khBwqNebZIyMZTzvpca9sQNSXJ39pI2A=="],

    "@esbuild/aix-ppc64": ["@esbuild/aix-ppc64@0.27.3", "", { "os": "aix", "cpu": "ppc64" }, "sha512-9fJMTNFTWZMh5qwrBItuziu834eOCUcEqymSH7pY+zoMVEZg3gcPuBNxH1EvfVYe9h0x/Ptw8KBzv7qxb7l8dg=="],

    "@esbuild/android-arm": ["@esbuild/android-arm@0.27.3", "", { "os": "android", "cpu": "arm" }, "sha512-i5D1hPY7GIQmXlXhs2w8AWHhenb00+GxjxRncS2ZM7YNVGNfaMxgzSGuO8o8SJzRc/oZwU2bcScvVERk03QhzA=="],

    "@esbuild/android-arm64": ["@esbuild/android-arm64@0.27.3", "", { "os": "android", "cpu": "arm64" }, "sha512-YdghPYUmj/FX2SYKJ0OZxf+iaKgMsKHVPF1MAq/P8WirnSpCStzKJFjOjzsW0QQ7oIAiccHdcqjbHmJxRb/dmg=="],

    "@esbuild/android-x64": ["@esbuild/android-x64@0.27.3", "", { "os": "android", "cpu": "x64" }, "sha512-IN/0BNTkHtk8lkOM8JWAYFg4ORxBkZQf9zXiEOfERX/CzxW3Vg1ewAhU7QSWQpVIzTW+b8Xy+lGzdYXV6UZObQ=="],

    "@esbuild/darwin-arm64": ["@esbuild/darwin-arm64@0.27.3", "", { "os": "darwin", "cpu": "arm64" }, "sha512-Re491k7ByTVRy0t3EKWajdLIr0gz2kKKfzafkth4Q8A5n1xTHrkqZgLLjFEHVD+AXdUGgQMq+Godfq45mGpCKg=="],

    "@esbuild/darwin-x64": ["@esbuild/darwin-x64@0.27.3", "", { "os": "darwin", "cpu": "x64" }, "sha512-vHk/hA7/1AckjGzRqi6wbo+jaShzRowYip6rt6q7VYEDX4LEy1pZfDpdxCBnGtl+A5zq8iXDcyuxwtv3hNtHFg=="],

    "@esbuild/freebsd-arm64": ["@esbuild/freebsd-arm64@0.27.3", "", { "os": "freebsd", "cpu": "arm64" }, "sha512-ipTYM2fjt3kQAYOvo6vcxJx3nBYAzPjgTCk7QEgZG8AUO3ydUhvelmhrbOheMnGOlaSFUoHXB6un+A7q4ygY9w=="],

    "@esbuild/freebsd-x64": ["@esbuild/freebsd-x64@0.27.3", "", { "os": "freebsd", "cpu": "x64" }, "sha512-dDk0X87T7mI6U3K9VjWtHOXqwAMJBNN2r7bejDsc+j03SEjtD9HrOl8gVFByeM0aJksoUuUVU9TBaZa2rgj0oA=="],

    "@esbuild/linux-arm": ["@esbuild/linux-arm@0.27.3", "", { "os": "linux", "cpu": "arm" }, "sha512-s6nPv2QkSupJwLYyfS+gwdirm0ukyTFNl3KTgZEAiJDd+iHZcbTPPcWCcRYH+WlNbwChgH2QkE9NSlNrMT8Gfw=="],

    "@esbuild/linux-arm64": ["@esbuild/linux-arm64@0.27.3", "", { "os": "linux", "cpu": "arm64" }, "sha512-sZOuFz/xWnZ4KH3YfFrKCf1WyPZHakVzTiqji3WDc0BCl2kBwiJLCXpzLzUBLgmp4veFZdvN5ChW4Eq/8Fc2Fg=="],

    "@esbuild/linux-ia32": ["@esbuild/linux-ia32@0.27.3", "", { "os": "linux", "cpu": "ia32" }, "sha512-yGlQYjdxtLdh0a3jHjuwOrxQjOZYD/C9PfdbgJJF3TIZWnm/tMd/RcNiLngiu4iwcBAOezdnSLAwQDPqTmtTYg=="],

    "@esbuild/linux-loong64": ["@esbuild/linux-loong64@0.27.3", "", { "os": "linux", "cpu": "none" }, "sha512-WO60Sn8ly3gtzhyjATDgieJNet/KqsDlX5nRC5Y3oTFcS1l0KWba+SEa9Ja1GfDqSF1z6hif/SkpQJbL63cgOA=="],

    "@esbuild/linux-mips64el": ["@esbuild/linux-mips64el@0.27.3", "", { "os": "linux", "cpu": "none" }, "sha512-APsymYA6sGcZ4pD6k+UxbDjOFSvPWyZhjaiPyl/f79xKxwTnrn5QUnXR5prvetuaSMsb4jgeHewIDCIWljrSxw=="],

    "@esbuild/linux-ppc64": ["@esbuild/linux-ppc64@0.27.3", "", { "os": "linux", "cpu": "ppc64" }, "sha512-eizBnTeBefojtDb9nSh4vvVQ3V9Qf9Df01PfawPcRzJH4gFSgrObw+LveUyDoKU3kxi5+9RJTCWlj4FjYXVPEA=="],

    "@esbuild/linux-riscv64": ["@esbuild/linux-riscv64@0.27.3", "", { "os": "linux", "cpu": "none" }, "sha512-3Emwh0r5wmfm3ssTWRQSyVhbOHvqegUDRd0WhmXKX2mkHJe1SFCMJhagUleMq+Uci34wLSipf8Lagt4LlpRFWQ=="],

    "@esbuild/linux-s390x": ["@esbuild/linux-s390x@0.27.3", "", { "os": "linux", "cpu": "s390x" }, "sha512-pBHUx9LzXWBc7MFIEEL0yD/ZVtNgLytvx60gES28GcWMqil8ElCYR4kvbV2BDqsHOvVDRrOxGySBM9Fcv744hw=="],

    "@esbuild/linux-x64": ["@esbuild/linux-x64@0.27.3", "", { "os": "linux", "cpu": "x64" }, "sha512-Czi8yzXUWIQYAtL/2y6vogER8pvcsOsk5cpwL4Gk5nJqH5UZiVByIY8Eorm5R13gq+DQKYg0+JyQoytLQas4dA=="],

    "@esbuild/netbsd-arm64": ["@esbuild/netbsd-arm64@0.27.3", "", { "os": "none", "cpu": "arm64" }, "sha512-sDpk0RgmTCR/5HguIZa9n9u+HVKf40fbEUt+iTzSnCaGvY9kFP0YKBWZtJaraonFnqef5SlJ8/TiPAxzyS+UoA=="],

    "@esbuild/netbsd-x64": ["@esbuild/netbsd-x64@0.27.3", "", { "os": "none", "cpu": "x64" }, "sha512-P14lFKJl/DdaE00LItAukUdZO5iqNH7+PjoBm+fLQjtxfcfFE20Xf5CrLsmZdq5LFFZzb5JMZ9grUwvtVYzjiA=="],

    "@esbuild/openbsd-arm64": ["@esbuild/openbsd-arm64@0.27.3", "", { "os": "openbsd", "cpu": "arm64" }, "sha512-AIcMP77AvirGbRl/UZFTq5hjXK+2wC7qFRGoHSDrZ5v5b8DK/GYpXW3CPRL53NkvDqb9D+alBiC/dV0Fb7eJcw=="],

    "@esbuild/openbsd-x64": ["@esbuild/openbsd-x64@0.27.3", "", { "os": "openbsd", "cpu": "x64" }, "sha512-DnW2sRrBzA+YnE70LKqnM3P+z8vehfJWHXECbwBmH/CU51z6FiqTQTHFenPlHmo3a8UgpLyH3PT+87OViOh1AQ=="],

    "@esbuild/openharmony-arm64": ["@esbuild/openharmony-arm64@0.27.3", "", { "os": "none", "cpu": "arm64" }, "sha512-NinAEgr/etERPTsZJ7aEZQvvg/A6IsZG/LgZy+81wON2huV7SrK3e63dU0XhyZP4RKGyTm7aOgmQk0bGp0fy2g=="],

    "@esbuild/sunos-x64": ["@esbuild/sunos-x64@0.27.3", "", { "os": "sunos", "cpu": "x64" }, "sha512-PanZ+nEz+eWoBJ8/f8HKxTTD172SKwdXebZ0ndd953gt1HRBbhMsaNqjTyYLGLPdoWHy4zLU7bDVJztF5f3BHA=="],

    "@esbuild/win32-arm64": ["@esbuild/win32-arm64@0.27.3", "", { "os": "win32", "cpu": "arm64" }, "sha512-B2t59lWWYrbRDw/tjiWOuzSsFh1Y/E95ofKz7rIVYSQkUYBjfSgf6oeYPNWHToFRr2zx52JKApIcAS/D5TUBnA=="],

    "@esbuild/win32-ia32": ["@esbuild/win32-ia32@0.27.3", "", { "os": "win32", "cpu": "ia32" }, "sha512-QLKSFeXNS8+tHW7tZpMtjlNb7HKau0QDpwm49u0vUp9y1WOF+PEzkU84y9GqYaAVW8aH8f3GcBck26jh54cX4Q=="],

    "@esbuild/win32-x64": ["@esbuild/win32-x64@0.27.3", "", { "os": "win32", "cpu": "x64" }, "sha512-4uJGhsxuptu3OcpVAzli+/gWusVGwZZHTlS63hh++ehExkVT8SgiEf7/uC/PclrPPkLhZqGgCTjd0VWLo6xMqA=="],

    "@penpot/plugin-styles": ["@penpot/plugin-styles@1.4.2", "", {}, "sha512-/Rn6xy80W+mxAi6j5/SOiNY8P0qHMB1WW+j+nyZajecFSnVGPzSWOiMcIDH+Jtsz7Xpmd5AICpgVM0xjechQig=="],

    "@penpot/plugin-types": ["@penpot/plugin-types@1.4.2", "", {}, "sha512-O8wU6RSYE8bIVU7g8cSTYi32ppxs3R13dq7X3Nn9tmDaJjBOKOBpVLuoRPIp3fJC65fv8/7om0sdrtFoL5v19g=="],

    "@rollup/rollup-android-arm-eabi": ["@rollup/rollup-android-arm-eabi@4.57.1", "", { "os": "android", "cpu": "arm" }, "sha512-A6ehUVSiSaaliTxai040ZpZ2zTevHYbvu/lDoeAteHI8QnaosIzm4qwtezfRg1jOYaUmnzLX1AOD6Z+UJjtifg=="],

    "@rollup/rollup-android-arm64": ["@rollup/rollup-android-arm64@4.57.1", "", { "os": "android", "cpu": "arm64" }, "sha512-dQaAddCY9YgkFHZcFNS/606Exo8vcLHwArFZ7vxXq4rigo2bb494/xKMMwRRQW6ug7Js6yXmBZhSBRuBvCCQ3w=="],

    "@rollup/rollup-darwin-arm64": ["@rollup/rollup-darwin-arm64@4.57.1", "", { "os": "darwin", "cpu": "arm64" }, "sha512-crNPrwJOrRxagUYeMn/DZwqN88SDmwaJ8Cvi/TN1HnWBU7GwknckyosC2gd0IqYRsHDEnXf328o9/HC6OkPgOg=="],

    "@rollup/rollup-darwin-x64": ["@rollup/rollup-darwin-x64@4.57.1", "", { "os": "darwin", "cpu": "x64" }, "sha512-Ji8g8ChVbKrhFtig5QBV7iMaJrGtpHelkB3lsaKzadFBe58gmjfGXAOfI5FV0lYMH8wiqsxKQ1C9B0YTRXVy4w=="],

    "@rollup/rollup-freebsd-arm64": ["@rollup/rollup-freebsd-arm64@4.57.1", "", { "os": "freebsd", "cpu": "arm64" }, "sha512-R+/WwhsjmwodAcz65guCGFRkMb4gKWTcIeLy60JJQbXrJ97BOXHxnkPFrP+YwFlaS0m+uWJTstrUA9o+UchFug=="],

    "@rollup/rollup-freebsd-x64": ["@rollup/rollup-freebsd-x64@4.57.1", "", { "os": "freebsd", "cpu": "x64" }, "sha512-IEQTCHeiTOnAUC3IDQdzRAGj3jOAYNr9kBguI7MQAAZK3caezRrg0GxAb6Hchg4lxdZEI5Oq3iov/w/hnFWY9Q=="],

    "@rollup/rollup-linux-arm-gnueabihf": ["@rollup/rollup-linux-arm-gnueabihf@4.57.1", "", { "os": "linux", "cpu": "arm" }, "sha512-F8sWbhZ7tyuEfsmOxwc2giKDQzN3+kuBLPwwZGyVkLlKGdV1nvnNwYD0fKQ8+XS6hp9nY7B+ZeK01EBUE7aHaw=="],

    "@rollup/rollup-linux-arm-musleabihf": ["@rollup/rollup-linux-arm-musleabihf@4.57.1", "", { "os": "linux", "cpu": "arm" }, "sha512-rGfNUfn0GIeXtBP1wL5MnzSj98+PZe/AXaGBCRmT0ts80lU5CATYGxXukeTX39XBKsxzFpEeK+Mrp9faXOlmrw=="],

    "@rollup/rollup-linux-arm64-gnu": ["@rollup/rollup-linux-arm64-gnu@4.57.1", "", { "os": "linux", "cpu": "arm64" }, "sha512-MMtej3YHWeg/0klK2Qodf3yrNzz6CGjo2UntLvk2RSPlhzgLvYEB3frRvbEF2wRKh1Z2fDIg9KRPe1fawv7C+g=="],

    "@rollup/rollup-linux-arm64-musl": ["@rollup/rollup-linux-arm64-musl@4.57.1", "", { "os": "linux", "cpu": "arm64" }, "sha512-1a/qhaaOXhqXGpMFMET9VqwZakkljWHLmZOX48R0I/YLbhdxr1m4gtG1Hq7++VhVUmf+L3sTAf9op4JlhQ5u1Q=="],

    "@rollup/rollup-linux-loong64-gnu": ["@rollup/rollup-linux-loong64-gnu@4.57.1", "", { "os": "linux", "cpu": "none" }, "sha512-QWO6RQTZ/cqYtJMtxhkRkidoNGXc7ERPbZN7dVW5SdURuLeVU7lwKMpo18XdcmpWYd0qsP1bwKPf7DNSUinhvA=="],

    "@rollup/rollup-linux-loong64-musl": ["@rollup/rollup-linux-loong64-musl@4.57.1", "", { "os": "linux", "cpu": "none" }, "sha512-xpObYIf+8gprgWaPP32xiN5RVTi/s5FCR+XMXSKmhfoJjrpRAjCuuqQXyxUa/eJTdAE6eJ+KDKaoEqjZQxh3Gw=="],

    "@rollup/rollup-linux-ppc64-gnu": ["@rollup/rollup-linux-ppc64-gnu@4.57.1", "", { "os": "linux", "cpu": "ppc64" }, "sha512-4BrCgrpZo4hvzMDKRqEaW1zeecScDCR+2nZ86ATLhAoJ5FQ+lbHVD3ttKe74/c7tNT9c6F2viwB3ufwp01Oh2w=="],

    "@rollup/rollup-linux-ppc64-musl": ["@rollup/rollup-linux-ppc64-musl@4.57.1", "", { "os": "linux", "cpu": "ppc64" }, "sha512-NOlUuzesGauESAyEYFSe3QTUguL+lvrN1HtwEEsU2rOwdUDeTMJdO5dUYl/2hKf9jWydJrO9OL/XSSf65R5+Xw=="],

    "@rollup/rollup-linux-riscv64-gnu": ["@rollup/rollup-linux-riscv64-gnu@4.57.1", "", { "os": "linux", "cpu": "none" }, "sha512-ptA88htVp0AwUUqhVghwDIKlvJMD/fmL/wrQj99PRHFRAG6Z5nbWoWG4o81Nt9FT+IuqUQi+L31ZKAFeJ5Is+A=="],

    "@rollup/rollup-linux-riscv64-musl": ["@rollup/rollup-linux-riscv64-musl@4.57.1", "", { "os": "linux", "cpu": "none" }, "sha512-S51t7aMMTNdmAMPpBg7OOsTdn4tySRQvklmL3RpDRyknk87+Sp3xaumlatU+ppQ+5raY7sSTcC2beGgvhENfuw=="],

    "@rollup/rollup-linux-s390x-gnu": ["@rollup/rollup-linux-s390x-gnu@4.57.1", "", { "os": "linux", "cpu": "s390x" }, "sha512-Bl00OFnVFkL82FHbEqy3k5CUCKH6OEJL54KCyx2oqsmZnFTR8IoNqBF+mjQVcRCT5sB6yOvK8A37LNm/kPJiZg=="],

    "@rollup/rollup-linux-x64-gnu": ["@rollup/rollup-linux-x64-gnu@4.57.1", "", { "os": "linux", "cpu": "x64" }, "sha512-ABca4ceT4N+Tv/GtotnWAeXZUZuM/9AQyCyKYyKnpk4yoA7QIAuBt6Hkgpw8kActYlew2mvckXkvx0FfoInnLg=="],

    "@rollup/rollup-linux-x64-musl": ["@rollup/rollup-linux-x64-musl@4.57.1", "", { "os": "linux", "cpu": "x64" }, "sha512-HFps0JeGtuOR2convgRRkHCekD7j+gdAuXM+/i6kGzQtFhlCtQkpwtNzkNj6QhCDp7DRJ7+qC/1Vg2jt5iSOFw=="],

    "@rollup/rollup-openbsd-x64": ["@rollup/rollup-openbsd-x64@4.57.1", "", { "os": "openbsd", "cpu": "x64" }, "sha512-H+hXEv9gdVQuDTgnqD+SQffoWoc0Of59AStSzTEj/feWTBAnSfSD3+Dql1ZruJQxmykT/JVY0dE8Ka7z0DH1hw=="],

    "@rollup/rollup-openharmony-arm64": ["@rollup/rollup-openharmony-arm64@4.57.1", "", { "os": "none", "cpu": "arm64" }, "sha512-4wYoDpNg6o/oPximyc/NG+mYUejZrCU2q+2w6YZqrAs2UcNUChIZXjtafAiiZSUc7On8v5NyNj34Kzj/Ltk6dQ=="],

    "@rollup/rollup-win32-arm64-msvc": ["@rollup/rollup-win32-arm64-msvc@4.57.1", "", { "os": "win32", "cpu": "arm64" }, "sha512-O54mtsV/6LW3P8qdTcamQmuC990HDfR71lo44oZMZlXU4tzLrbvTii87Ni9opq60ds0YzuAlEr/GNwuNluZyMQ=="],

    "@rollup/rollup-win32-ia32-msvc": ["@rollup/rollup-win32-ia32-msvc@4.57.1", "", { "os": "win32", "cpu": "ia32" }, "sha512-P3dLS+IerxCT/7D2q2FYcRdWRl22dNbrbBEtxdWhXrfIMPP9lQhb5h4Du04mdl5Woq05jVCDPCMF7Ub0NAjIew=="],

    "@rollup/rollup-win32-x64-gnu": ["@rollup/rollup-win32-x64-gnu@4.57.1", "", { "os": "win32", "cpu": "x64" }, "sha512-VMBH2eOOaKGtIJYleXsi2B8CPVADrh+TyNxJ4mWPnKfLB/DBUmzW+5m1xUrcwWoMfSLagIRpjUFeW5CO5hyciQ=="],

    "@rollup/rollup-win32-x64-msvc": ["@rollup/rollup-win32-x64-msvc@4.57.1", "", { "os": "win32", "cpu": "x64" }, "sha512-mxRFDdHIWRxg3UfIIAwCm6NzvxG0jDX/wBN6KsQFTvKFqqg9vTrWUE68qEjHt19A5wwx5X5aUi2zuZT7YR0jrA=="],

    "@seahax/deep-copy": ["@seahax/deep-copy@0.1.0", "", {}, "sha512-Ux88qw9ypPbqszDGwj0JvP8FP017MV3ck7jnkit+0i3mecTkqhYiCUqy3exbxhGFBu07zrUS6yPRUWVct1eSMQ=="],

    "@seahax/semaphore": ["@seahax/semaphore@0.5.1", "", {}, "sha512-q6SXYYbE6X+LDcq2h2yCgE+pCWJumNP3XCZkztdG4S4tiig9akMZGp8TsfU/EIRcHWPdnQ3BA8/NAvdDYdF/NQ=="],

    "@types/alpinejs": ["@types/alpinejs@3.13.11", "", {}, "sha512-3KhGkDixCPiLdL3Z/ok1GxHwLxEWqQOKJccgaQL01wc0EVM2tCTaqlC3NIedmxAXkVzt/V6VTM8qPgnOHKJ1MA=="],

    "@types/d3-path": ["@types/d3-path@3.1.1", "", {}, "sha512-VMZBYyQvbGmWyWVea0EHs/BwLgxc+MKi1zLDCONksozI4YJMcTt8ZEuIR4Sb1MMTE8MMW49v0IwI5+b7RmfWlg=="],

    "@types/d3-scale": ["@types/d3-scale@4.0.9", "", { "dependencies": { "@types/d3-time": "*" } }, "sha512-dLmtwB8zkAeO/juAMfnV+sItKjlsw2lKdZVVy6LRr0cBmegxSABiLEpGVmSJJ8O08i4+sGR6qQtb6WtuwJdvVw=="],

    "@types/d3-shape": ["@types/d3-shape@3.1.8", "", { "dependencies": { "@types/d3-path": "*" } }, "sha512-lae0iWfcDeR7qt7rA88BNiqdvPS5pFVPpo5OfjElwNaT2yyekbM0C9vK+yqBqEmHr6lDkRnYNoTBYlAgJa7a4w=="],

    "@types/d3-time": ["@types/d3-time@3.0.4", "", {}, "sha512-yuzZug1nkAAaBlBBikKZTgzCeA+k1uy4ZFwWANOfKw5z5LRhV0gNA7gNkKm7HoK+HRN0wX3EkxGk0fpbWhmB7g=="],

    "@types/estree": ["@types/estree@1.0.8", "", {}, "sha512-dWHzHa2WqEXI/O1E9OjrocMTKJl2mSrEolh1Iomrv6U+JuNwaHXsXx9bLu5gG7BUWFIN0skIQJQ/L1rIex4X6w=="],

    "@types/node": ["@types/node@25.2.3", "", { "dependencies": { "undici-types": "~7.16.0" } }, "sha512-m0jEgYlYz+mDJZ2+F4v8D1AyQb+QzsNqRuI7xg1VQX/KlKS0qT9r1Mo16yo5F/MtifXFgaofIFsdFMox2SxIbQ=="],

    "@types/ws": ["@types/ws@8.18.1", "", { "dependencies": { "@types/node": "*" } }, "sha512-ThVF6DCVhA8kUGy+aazFQ4kXQ7E1Ty7A3ypFOe0IcJV8O/M511G99AW24irKrW56Wt44yG9+ij8FaqoBGkuBXg=="],

    "@vue/reactivity": ["@vue/reactivity@3.1.5", "", { "dependencies": { "@vue/shared": "3.1.5" } }, "sha512-1tdfLmNjWG6t/CsPldh+foumYFo3cpyCHgBYQ34ylaMsJ+SNHQ1kApMIa8jN+i593zQuaw3AdWH0nJTARzCFhg=="],

    "@vue/shared": ["@vue/shared@3.1.5", "", {}, "sha512-oJ4F3TnvpXaQwZJNF3ZK+kLPHKarDmJjJ6jyzVNDKH9md1dptjC7lWR//jrGuLdek/U6iltWxqAnYOu8gCiOvA=="],

    "alpinejs": ["alpinejs@3.15.8", "", { "dependencies": { "@vue/reactivity": "~3.1.1" } }, "sha512-zxIfCRTBGvF1CCLIOMQOxAyBuqibxSEwS6Jm1a3HGA9rgrJVcjEWlwLcQTVGAWGS8YhAsTRLVrtQ5a5QT9bSSQ=="],

    "ansi-regex": ["ansi-regex@6.2.2", "", {}, "sha512-Bq3SmSpyFHaWjPk8If9yc6svM8c56dB5BAtW4Qbw5jHTwwXXcTLoRMkpDJp6VL0XzlWaCHTXrkFURMYmD0sLqg=="],

    "beautiful-qrcode": ["beautiful-qrcode@workspace:packages/beautiful-qrcode"],

    "d3-array": ["d3-array@3.2.4", "", { "dependencies": { "internmap": "1 - 2" } }, "sha512-tdQAmyA18i4J7wprpYq8ClcxZy3SC31QMeByyCFyRt7BVHdREQZ5lpzoe5mFEYZUWe+oq8HBvk9JjpibyEV4Jg=="],

    "d3-color": ["d3-color@3.1.0", "", {}, "sha512-zg/chbXyeBtMQ1LbD/WSoW2DpC3I0mpmPdW+ynRTj/x2DAWYrIY7qeZIHidozwV24m4iavr15lNwIwLxRmOxhA=="],

    "d3-format": ["d3-format@3.1.2", "", {}, "sha512-AJDdYOdnyRDV5b6ArilzCPPwc1ejkHcoyFarqlPqT7zRYjhavcT3uSrqcMvsgh2CgoPbK3RCwyHaVyxYcP2Arg=="],

    "d3-interpolate": ["d3-interpolate@3.0.1", "", { "dependencies": { "d3-color": "1 - 3" } }, "sha512-3bYs1rOD33uo8aqJfKP3JWPAibgw8Zm2+L9vBKEHJ2Rg+viTR7o5Mmv5mZcieN+FRYaAOWX5SJATX6k1PWz72g=="],

    "d3-path": ["d3-path@3.1.0", "", {}, "sha512-p3KP5HCf/bvjBSSKuXid6Zqijx7wIfNW+J/maPs+iwR35at5JCbLUT0LzF1cnjbCHWhqzQTIN2Jpe8pRebIEFQ=="],

    "d3-scale": ["d3-scale@4.0.2", "", { "dependencies": { "d3-array": "2.10.0 - 3", "d3-format": "1 - 3", "d3-interpolate": "1.2.0 - 3", "d3-time": "2.1.1 - 3", "d3-time-format": "2 - 4" } }, "sha512-GZW464g1SH7ag3Y7hXjf8RoUuAFIqklOAq3MRl4OaWabTFJY9PN/E1YklhXLh+OQ3fM9yS2nOkCoS+WLZ6kvxQ=="],

    "d3-shape": ["d3-shape@3.2.0", "", { "dependencies": { "d3-path": "^3.1.0" } }, "sha512-SaLBuwGm3MOViRq2ABk3eLoxwZELpH6zhl3FbAoJ7Vm1gofKx6El1Ib5z23NUEhF9AsGl7y+dzLe5Cw2AArGTA=="],

    "d3-time": ["d3-time@3.1.0", "", { "dependencies": { "d3-array": "2 - 3" } }, "sha512-VqKjzBLejbSMT4IgbmVgDjpkYrNWUYJnbCGo874u7MMKIWsILRX+OpX/gTk8MqjpT1A/c6HY2dCA77ZN0lkQ2Q=="],

    "d3-time-format": ["d3-time-format@4.1.0", "", { "dependencies": { "d3-time": "1 - 3" } }, "sha512-dJxPBlzC7NugB2PDLwo9Q8JiTR3M3e4/XANkreKSUxF8vvXKqm1Yfq4Q5dl8budlunRVlUUaDUgFt7eA8D6NLg=="],

    "esbuild": ["esbuild@0.27.3", "", { "optionalDependencies": { "@esbuild/aix-ppc64": "0.27.3", "@esbuild/android-arm": "0.27.3", "@esbuild/android-arm64": "0.27.3", "@esbuild/android-x64": "0.27.3", "@esbuild/darwin-arm64": "0.27.3", "@esbuild/darwin-x64": "0.27.3", "@esbuild/freebsd-arm64": "0.27.3", "@esbuild/freebsd-x64": "0.27.3", "@esbuild/linux-arm": "0.27.3", "@esbuild/linux-arm64": "0.27.3", "@esbuild/linux-ia32": "0.27.3", "@esbuild/linux-loong64": "0.27.3", "@esbuild/linux-mips64el": "0.27.3", "@esbuild/linux-ppc64": "0.27.3", "@esbuild/linux-riscv64": "0.27.3", "@esbuild/linux-s390x": "0.27.3", "@esbuild/linux-x64": "0.27.3", "@esbuild/netbsd-arm64": "0.27.3", "@esbuild/netbsd-x64": "0.27.3", "@esbuild/openbsd-arm64": "0.27.3", "@esbuild/openbsd-x64": "0.27.3", "@esbuild/openharmony-arm64": "0.27.3", "@esbuild/sunos-x64": "0.27.3", "@esbuild/win32-arm64": "0.27.3", "@esbuild/win32-ia32": "0.27.3", "@esbuild/win32-x64": "0.27.3" }, "bin": { "esbuild": "bin/esbuild" } }, "sha512-8VwMnyGCONIs6cWue2IdpHxHnAjzxnw2Zr7MkVxB2vjmQ2ivqGFb4LEG3SMnv0Gb2F/G/2yA8zUaiL1gywDCCg=="],

    "escape-goat": ["escape-goat@4.0.0", "", {}, "sha512-2Sd4ShcWxbx6OY1IHyla/CVNwvg7XwZVoXZHcSu9w9SReNP1EzzD5T8NWKIR38fIqEns9kDWKUQTXXAmlDrdPg=="],

    "fdir": ["fdir@6.5.0", "", { "peerDependencies": { "picomatch": "^3 || ^4" }, "optionalPeers": ["picomatch"] }, "sha512-tIbYtZbucOs0BRGqPJkshJUYdL+SDH7dVM8gjy+ERp3WAUjLEFJE+02kanyHtwjWOnwrKYBiwAmM0p4kLJAnXg=="],

    "fsevents": ["fsevents@2.3.3", "", { "os": "darwin" }, "sha512-5xoDfX+fL7faATnagmWPpbFtwh/R77WmMMqqHGS65C3vvB0YHrgF+B1YmZ3441tMj5n63k0212XNoJwzlhffQw=="],

    "handlebars": ["handlebars@4.7.8", "", { "dependencies": { "minimist": "^1.2.5", "neo-async": "^2.6.2", "source-map": "^0.6.1", "wordwrap": "^1.0.0" }, "optionalDependencies": { "uglify-js": "^3.1.4" }, "bin": { "handlebars": "bin/handlebars" } }, "sha512-vafaFqs8MZkRrSX7sFVUdo3ap/eNiLnb4IakshzvP56X5Nr1iGKAIqdX6tMlm6HcNRIkr6AxO5jFEoJzzpT8aQ=="],

    "internmap": ["internmap@2.0.3", "", {}, "sha512-5Hh7Y1wQbvY5ooGgPbDaL5iYLAPzMTUrjMulskHLH6wnv/A+1q5rgEaiuqEjB+oxGXIVZs1FF+R/KPN3ZSQYYg=="],

    "minimist": ["minimist@1.2.8", "", {}, "sha512-2yyAR8qBkN3YuheJanUpWC5U3bb5osDywNB8RzDVlDwDHbocAJveqqj1u8+SVD7jkWT4yvsHCpWqqWqAxb0zCA=="],

    "nanoid": ["nanoid@3.3.11", "", { "bin": { "nanoid": "bin/nanoid.cjs" } }, "sha512-N8SpfPUnUp1bK+PMYW8qSWdl9U+wwNWI4QKxOYDy9JAro3WMX7p2OeVRF9v+347pnakNevPmiHhNmZ2HbFA76w=="],

    "neo-async": ["neo-async@2.6.2", "", {}, "sha512-Yd3UES5mWCSqR+qNT93S3UoYUkqAZ9lLg8a7g9rimsWmYGK8cVToA4/sF3RrshdyV3sAGMXVUmpMYOw+dLpOuw=="],

    "pattern-hero": ["pattern-hero@workspace:packages/pattern-hero"],

    "picocolors": ["picocolors@1.1.1", "", {}, "sha512-xceH2snhtb5M9liqDsmEw56le376mTZkEX/jEb/RxNFyegNul7eNslCXP9FDj/Lcu0X8KEyMceP2ntpaHrDEVA=="],

    "picomatch": ["picomatch@4.0.3", "", {}, "sha512-5gTmgEY/sqK6gFXLIsQNH19lWb4ebPDLA4SdLP7dsWkIXHWlG66oPuVvXSGFPppYZz8ZDZq0dYYrbHfBCVUb1Q=="],

    "postcss": ["postcss@8.5.6", "", { "dependencies": { "nanoid": "^3.3.11", "picocolors": "^1.1.1", "source-map-js": "^1.2.1" } }, "sha512-3Ybi1tAuwAP9s0r1UQ2J4n5Y0G05bJkpUIO0/bI9MhwmD70S5aTWbXGBwxHrelT+XM1k6dM0pk+SwNkpTRN7Pg=="],

    "qr-code-styling": ["qr-code-styling@1.9.2", "", { "dependencies": { "qrcode-generator": "^1.4.4" } }, "sha512-RgJaZJ1/RrXJ6N0j7a+pdw3zMBmzZU4VN2dtAZf8ZggCfRB5stEQ3IoDNGaNhYY3nnZKYlYSLl5YkfWN5dPutg=="],

    "qrcode-generator": ["qrcode-generator@1.5.2", "", {}, "sha512-pItrW0Z9HnDBnFmgiNrY1uxRdri32Uh9EjNYLPVC2zZ3ZRIIEqBoDgm4DkvDwNNDHTK7FNkmr8zAa77BYc9xNw=="],

    "rollup": ["rollup@4.57.1", "", { "dependencies": { "@types/estree": "1.0.8" }, "optionalDependencies": { "@rollup/rollup-android-arm-eabi": "4.57.1", "@rollup/rollup-android-arm64": "4.57.1", "@rollup/rollup-darwin-arm64": "4.57.1", "@rollup/rollup-darwin-x64": "4.57.1", "@rollup/rollup-freebsd-arm64": "4.57.1", "@rollup/rollup-freebsd-x64": "4.57.1", "@rollup/rollup-linux-arm-gnueabihf": "4.57.1", "@rollup/rollup-linux-arm-musleabihf": "4.57.1", "@rollup/rollup-linux-arm64-gnu": "4.57.1", "@rollup/rollup-linux-arm64-musl": "4.57.1", "@rollup/rollup-linux-loong64-gnu": "4.57.1", "@rollup/rollup-linux-loong64-musl": "4.57.1", "@rollup/rollup-linux-ppc64-gnu": "4.57.1", "@rollup/rollup-linux-ppc64-musl": "4.57.1", "@rollup/rollup-linux-riscv64-gnu": "4.57.1", "@rollup/rollup-linux-riscv64-musl": "4.57.1", "@rollup/rollup-linux-s390x-gnu": "4.57.1", "@rollup/rollup-linux-x64-gnu": "4.57.1", "@rollup/rollup-linux-x64-musl": "4.57.1", "@rollup/rollup-openbsd-x64": "4.57.1", "@rollup/rollup-openharmony-arm64": "4.57.1", "@rollup/rollup-win32-arm64-msvc": "4.57.1", "@rollup/rollup-win32-ia32-msvc": "4.57.1", "@rollup/rollup-win32-x64-gnu": "4.57.1", "@rollup/rollup-win32-x64-msvc": "4.57.1", "fsevents": "~2.3.2" }, "bin": { "rollup": "dist/bin/rollup" } }, "sha512-oQL6lgK3e2QZeQ7gcgIkS2YZPg5slw37hYufJ3edKlfQSGGm8ICoxswK15ntSzF/a8+h7ekRy7k7oWc3BQ7y8A=="],

    "source-map": ["source-map@0.6.1", "", {}, "sha512-UjgapumWlbMhkBgzT7Ykc5YXUT46F0iKu8SGXq0bcwP5dz/h0Plj6enJqjz1Zbq2l5WaqYnrVbwWOWMyF3F47g=="],

    "source-map-js": ["source-map-js@1.2.1", "", {}, "sha512-UXWMKhLOwVKb728IUtQPXxfYU+usdybtUrK/8uGE8CQMvrhOpwvzDBwj0QhSL7MQc7vIsISBG8VQ8+IDQxpfQA=="],

    "strip-ansi": ["strip-ansi@7.1.2", "", { "dependencies": { "ansi-regex": "^6.0.1" } }, "sha512-gmBGslpoQJtgnMAvOVqGZpEz9dyoKTCzy2nfz/n8aIFhN/jCE/rCmcxabB6jOOHV+0WNnylOxaxBQPSvcWklhA=="],

    "tinyglobby": ["tinyglobby@0.2.15", "", { "dependencies": { "fdir": "^6.5.0", "picomatch": "^4.0.3" } }, "sha512-j2Zq4NyQYG5XMST4cbs02Ak8iJUdxRM0XI5QyxXuZOzKOINmWurp3smXu3y5wDcJrptwpSjgXHzIQxR0omXljQ=="],

    "typescript": ["typescript@5.9.3", "", { "bin": { "tsc": "bin/tsc", "tsserver": "bin/tsserver" } }, "sha512-jl1vZzPDinLr9eUt3J/t7V6FgNEw9QjvBPdysz9KfQDD41fQrC2Y4vKQdiaUpFT4bXlb1RHhLpp8wtm6M5TgSw=="],

    "uglify-js": ["uglify-js@3.19.3", "", { "bin": { "uglifyjs": "bin/uglifyjs" } }, "sha512-v3Xu+yuwBXisp6QYTcH4UbH+xYJXqnq2m/LtQVWKWzYc1iehYnLixoQDN9FH6/j9/oybfd6W9Ghwkl8+UMKTKQ=="],

    "undici-types": ["undici-types@7.16.0", "", {}, "sha512-Zz+aZWSj8LE6zoxD+xrjh4VfkIG8Ya6LvYkZqtUQGJPZjYl53ypCaUwWqo7eI0x66KBGeRo+mlBEkMSeSZ38Nw=="],

    "vite": ["vite@7.3.1", "", { "dependencies": { "esbuild": "^0.27.0", "fdir": "^6.5.0", "picomatch": "^4.0.3", "postcss": "^8.5.6", "rollup": "^4.43.0", "tinyglobby": "^0.2.15" }, "optionalDependencies": { "fsevents": "~2.3.3" }, "peerDependencies": { "@types/node": "^20.19.0 || >=22.12.0", "jiti": ">=1.21.0", "less": "^4.0.0", "lightningcss": "^1.21.0", "sass": "^1.70.0", "sass-embedded": "^1.70.0", "stylus": ">=0.54.8", "sugarss": "^5.0.0", "terser": "^5.16.0", "tsx": "^4.8.1", "yaml": "^2.4.2" }, "optionalPeers": ["@types/node", "jiti", "less", "lightningcss", "sass", "sass-embedded", "stylus", "sugarss", "terser", "tsx", "yaml"], "bin": { "vite": "bin/vite.js" } }, "sha512-w+N7Hifpc3gRjZ63vYBXA56dvvRlNWRczTdmCBBa+CotUzAPf5b7YMdMR/8CQoeYE5LX3W4wj6RYTgonm1b9DA=="],

    "vite-live-preview": ["vite-live-preview@0.4.0", "", { "dependencies": { "@seahax/deep-copy": "^0.1.0", "@seahax/semaphore": "^0.5.1", "@types/ws": "^8.18.1", "escape-goat": "^4.0.0", "strip-ansi": "^7.1.2", "ws": "^8.18.3" }, "peerDependencies": { "vite": ">=5.4.0" } }, "sha512-Qz8kr0kixXwnQl+zLPZX66OjajN4jnVnDwhNToJsO6TTboUtBo8pEmRuc0iBmkwW9lXR8mOeMu+QtxFkXBcHYg=="],

    "vite-plugin-handlebars": ["vite-plugin-handlebars@2.0.0", "", { "dependencies": { "handlebars": "^4.7.6", "vite": "^5.0.0" } }, "sha512-+J3It0nyhPzx4nT1I+fnWH+jShTEXzm6X0Tgsggdm9IYFD7/eJ6a3ROI13HTe0CVoyaxm/fPxH5HDAKyfz7T0g=="],

    "waves-generator": ["waves-generator@workspace:packages/waves-generator"],

    "wordwrap": ["wordwrap@1.0.0", "", {}, "sha512-gvVzJFlPycKc5dZN4yPkP8w7Dc37BtP1yczEneOb4uq34pXZcvrtRTmWV8W+Ume+XCxKgbjM+nevkyFPMybd4Q=="],

    "ws": ["ws@8.19.0", "", { "peerDependencies": { "bufferutil": "^4.0.1", "utf-8-validate": ">=5.0.2" }, "optionalPeers": ["bufferutil", "utf-8-validate"] }, "sha512-blAT2mjOEIi0ZzruJfIhb3nps74PRWTCz1IjglWEEpQl5XS/UNama6u2/rjFkDDouqr4L67ry+1aGIALViWjDg=="],

    "vite-plugin-handlebars/vite": ["vite@5.4.21", "", { "dependencies": { "esbuild": "^0.21.3", "postcss": "^8.4.43", "rollup": "^4.20.0" }, "optionalDependencies": { "fsevents": "~2.3.3" }, "peerDependencies": { "@types/node": "^18.0.0 || >=20.0.0", "less": "*", "lightningcss": "^1.21.0", "sass": "*", "sass-embedded": "*", "stylus": "*", "sugarss": "*", "terser": "^5.4.0" }, "optionalPeers": ["@types/node", "less", "lightningcss", "sass", "sass-embedded", "stylus", "sugarss", "terser"], "bin": { "vite": "bin/vite.js" } }, "sha512-o5a9xKjbtuhY6Bi5S3+HvbRERmouabWbyUcpXXUA1u+GNUKoROi9byOJ8M0nHbHYHkYICiMlqxkg1KkYmm25Sw=="],

    "vite-plugin-handlebars/vite/esbuild": ["esbuild@0.21.5", "", { "optionalDependencies": { "@esbuild/aix-ppc64": "0.21.5", "@esbuild/android-arm": "0.21.5", "@esbuild/android-arm64": "0.21.5", "@esbuild/android-x64": "0.21.5", "@esbuild/darwin-arm64": "0.21.5", "@esbuild/darwin-x64": "0.21.5", "@esbuild/freebsd-arm64": "0.21.5", "@esbuild/freebsd-x64": "0.21.5", "@esbuild/linux-arm": "0.21.5", "@esbuild/linux-arm64": "0.21.5", "@esbuild/linux-ia32": "0.21.5", "@esbuild/linux-loong64": "0.21.5", "@esbuild/linux-mips64el": "0.21.5", "@esbuild/linux-ppc64": "0.21.5", "@esbuild/linux-riscv64": "0.21.5", "@esbuild/linux-s390x": "0.21.5", "@esbuild/linux-x64": "0.21.5", "@esbuild/netbsd-x64": "0.21.5", "@esbuild/openbsd-x64": "0.21.5", "@esbuild/sunos-x64": "0.21.5", "@esbuild/win32-arm64": "0.21.5", "@esbuild/win32-ia32": "0.21.5", "@esbuild/win32-x64": "0.21.5" }, "bin": { "esbuild": "bin/esbuild" } }, "sha512-mg3OPMV4hXywwpoDxu3Qda5xCKQi+vCTZq8S9J/EpkhB2HzKXq4SNFZE3+NK93JYxc8VMSep+lOUSC/RVKaBqw=="],

    "vite-plugin-handlebars/vite/esbuild/@esbuild/aix-ppc64": ["@esbuild/aix-ppc64@0.21.5", "", { "os": "aix", "cpu": "ppc64" }, "sha512-1SDgH6ZSPTlggy1yI6+Dbkiz8xzpHJEVAlF/AM1tHPLsf5STom9rwtjE4hKAF20FfXXNTFqEYXyJNWh1GiZedQ=="],

    "vite-plugin-handlebars/vite/esbuild/@esbuild/android-arm": ["@esbuild/android-arm@0.21.5", "", { "os": "android", "cpu": "arm" }, "sha512-vCPvzSjpPHEi1siZdlvAlsPxXl7WbOVUBBAowWug4rJHb68Ox8KualB+1ocNvT5fjv6wpkX6o/iEpbDrf68zcg=="],

    "vite-plugin-handlebars/vite/esbuild/@esbuild/android-arm64": ["@esbuild/android-arm64@0.21.5", "", { "os": "android", "cpu": "arm64" }, "sha512-c0uX9VAUBQ7dTDCjq+wdyGLowMdtR/GoC2U5IYk/7D1H1JYC0qseD7+11iMP2mRLN9RcCMRcjC4YMclCzGwS/A=="],

    "vite-plugin-handlebars/vite/esbuild/@esbuild/android-x64": ["@esbuild/android-x64@0.21.5", "", { "os": "android", "cpu": "x64" }, "sha512-D7aPRUUNHRBwHxzxRvp856rjUHRFW1SdQATKXH2hqA0kAZb1hKmi02OpYRacl0TxIGz/ZmXWlbZgjwWYaCakTA=="],

    "vite-plugin-handlebars/vite/esbuild/@esbuild/darwin-arm64": ["@esbuild/darwin-arm64@0.21.5", "", { "os": "darwin", "cpu": "arm64" }, "sha512-DwqXqZyuk5AiWWf3UfLiRDJ5EDd49zg6O9wclZ7kUMv2WRFr4HKjXp/5t8JZ11QbQfUS6/cRCKGwYhtNAY88kQ=="],

    "vite-plugin-handlebars/vite/esbuild/@esbuild/darwin-x64": ["@esbuild/darwin-x64@0.21.5", "", { "os": "darwin", "cpu": "x64" }, "sha512-se/JjF8NlmKVG4kNIuyWMV/22ZaerB+qaSi5MdrXtd6R08kvs2qCN4C09miupktDitvh8jRFflwGFBQcxZRjbw=="],

    "vite-plugin-handlebars/vite/esbuild/@esbuild/freebsd-arm64": ["@esbuild/freebsd-arm64@0.21.5", "", { "os": "freebsd", "cpu": "arm64" }, "sha512-5JcRxxRDUJLX8JXp/wcBCy3pENnCgBR9bN6JsY4OmhfUtIHe3ZW0mawA7+RDAcMLrMIZaf03NlQiX9DGyB8h4g=="],

    "vite-plugin-handlebars/vite/esbuild/@esbuild/freebsd-x64": ["@esbuild/freebsd-x64@0.21.5", "", { "os": "freebsd", "cpu": "x64" }, "sha512-J95kNBj1zkbMXtHVH29bBriQygMXqoVQOQYA+ISs0/2l3T9/kj42ow2mpqerRBxDJnmkUDCaQT/dfNXWX/ZZCQ=="],

    "vite-plugin-handlebars/vite/esbuild/@esbuild/linux-arm": ["@esbuild/linux-arm@0.21.5", "", { "os": "linux", "cpu": "arm" }, "sha512-bPb5AHZtbeNGjCKVZ9UGqGwo8EUu4cLq68E95A53KlxAPRmUyYv2D6F0uUI65XisGOL1hBP5mTronbgo+0bFcA=="],

    "vite-plugin-handlebars/vite/esbuild/@esbuild/linux-arm64": ["@esbuild/linux-arm64@0.21.5", "", { "os": "linux", "cpu": "arm64" }, "sha512-ibKvmyYzKsBeX8d8I7MH/TMfWDXBF3db4qM6sy+7re0YXya+K1cem3on9XgdT2EQGMu4hQyZhan7TeQ8XkGp4Q=="],

    "vite-plugin-handlebars/vite/esbuild/@esbuild/linux-ia32": ["@esbuild/linux-ia32@0.21.5", "", { "os": "linux", "cpu": "ia32" }, "sha512-YvjXDqLRqPDl2dvRODYmmhz4rPeVKYvppfGYKSNGdyZkA01046pLWyRKKI3ax8fbJoK5QbxblURkwK/MWY18Tg=="],

    "vite-plugin-handlebars/vite/esbuild/@esbuild/linux-loong64": ["@esbuild/linux-loong64@0.21.5", "", { "os": "linux", "cpu": "none" }, "sha512-uHf1BmMG8qEvzdrzAqg2SIG/02+4/DHB6a9Kbya0XDvwDEKCoC8ZRWI5JJvNdUjtciBGFQ5PuBlpEOXQj+JQSg=="],

    "vite-plugin-handlebars/vite/esbuild/@esbuild/linux-mips64el": ["@esbuild/linux-mips64el@0.21.5", "", { "os": "linux", "cpu": "none" }, "sha512-IajOmO+KJK23bj52dFSNCMsz1QP1DqM6cwLUv3W1QwyxkyIWecfafnI555fvSGqEKwjMXVLokcV5ygHW5b3Jbg=="],

    "vite-plugin-handlebars/vite/esbuild/@esbuild/linux-ppc64": ["@esbuild/linux-ppc64@0.21.5", "", { "os": "linux", "cpu": "ppc64" }, "sha512-1hHV/Z4OEfMwpLO8rp7CvlhBDnjsC3CttJXIhBi+5Aj5r+MBvy4egg7wCbe//hSsT+RvDAG7s81tAvpL2XAE4w=="],

    "vite-plugin-handlebars/vite/esbuild/@esbuild/linux-riscv64": ["@esbuild/linux-riscv64@0.21.5", "", { "os": "linux", "cpu": "none" }, "sha512-2HdXDMd9GMgTGrPWnJzP2ALSokE/0O5HhTUvWIbD3YdjME8JwvSCnNGBnTThKGEB91OZhzrJ4qIIxk/SBmyDDA=="],

    "vite-plugin-handlebars/vite/esbuild/@esbuild/linux-s390x": ["@esbuild/linux-s390x@0.21.5", "", { "os": "linux", "cpu": "s390x" }, "sha512-zus5sxzqBJD3eXxwvjN1yQkRepANgxE9lgOW2qLnmr8ikMTphkjgXu1HR01K4FJg8h1kEEDAqDcZQtbrRnB41A=="],

    "vite-plugin-handlebars/vite/esbuild/@esbuild/linux-x64": ["@esbuild/linux-x64@0.21.5", "", { "os": "linux", "cpu": "x64" }, "sha512-1rYdTpyv03iycF1+BhzrzQJCdOuAOtaqHTWJZCWvijKD2N5Xu0TtVC8/+1faWqcP9iBCWOmjmhoH94dH82BxPQ=="],

    "vite-plugin-handlebars/vite/esbuild/@esbuild/netbsd-x64": ["@esbuild/netbsd-x64@0.21.5", "", { "os": "none", "cpu": "x64" }, "sha512-Woi2MXzXjMULccIwMnLciyZH4nCIMpWQAs049KEeMvOcNADVxo0UBIQPfSmxB3CWKedngg7sWZdLvLczpe0tLg=="],

    "vite-plugin-handlebars/vite/esbuild/@esbuild/openbsd-x64": ["@esbuild/openbsd-x64@0.21.5", "", { "os": "openbsd", "cpu": "x64" }, "sha512-HLNNw99xsvx12lFBUwoT8EVCsSvRNDVxNpjZ7bPn947b8gJPzeHWyNVhFsaerc0n3TsbOINvRP2byTZ5LKezow=="],

    "vite-plugin-handlebars/vite/esbuild/@esbuild/sunos-x64": ["@esbuild/sunos-x64@0.21.5", "", { "os": "sunos", "cpu": "x64" }, "sha512-6+gjmFpfy0BHU5Tpptkuh8+uw3mnrvgs+dSPQXQOv3ekbordwnzTVEb4qnIvQcYXq6gzkyTnoZ9dZG+D4garKg=="],

    "vite-plugin-handlebars/vite/esbuild/@esbuild/win32-arm64": ["@esbuild/win32-arm64@0.21.5", "", { "os": "win32", "cpu": "arm64" }, "sha512-Z0gOTd75VvXqyq7nsl93zwahcTROgqvuAcYDUr+vOv8uHhNSKROyU961kgtCD1e95IqPKSQKH7tBTslnS3tA8A=="],

    "vite-plugin-handlebars/vite/esbuild/@esbuild/win32-ia32": ["@esbuild/win32-ia32@0.21.5", "", { "os": "win32", "cpu": "ia32" }, "sha512-SWXFF1CL2RVNMaVs+BBClwtfZSvDgtL//G/smwAc5oVK/UPu2Gu9tIaRgFmYFFKrmg3SyAjSrElf0TiJ1v8fYA=="],

    "vite-plugin-handlebars/vite/esbuild/@esbuild/win32-x64": ["@esbuild/win32-x64@0.21.5", "", { "os": "win32", "cpu": "x64" }, "sha512-tQd/1efJuzPC6rCFwEvLtci/xNFcTZknmXs98FYDfGE4wP9ClFV98nyKrzJKVPMhdDnjzLhdUyMX4PsQAPjwIw=="],
  }
}
